
Microsoft Visual Studio Solution File, Format Version 12.00
# Visual Studio Version 17
VisualStudioVersion = 17.0.31903.59
MinimumVisualStudioVersion = 10.0.40219.1
Project("{2150E333-8FDC-42A3-9474-1A3956D46DE8}") = "src", "src", "{DB40AEEE-3626-44C9-B7E9-2CCEC9C60210}"
EndProject
Project("{FAE04EC0-301F-11D3-BF4B-00C04F79EFBC}") = "Shared", "src\Shared\Shared.csproj", "{24B0CD7B-02A5-4E9E-B00F-30757B8887BB}"
EndProject
Project("{2150E333-8FDC-42A3-9474-1A3956D46DE8}") = "Modules", "Modules", "{C303A26D-5B90-4D19-AB15-D4FA540452D2}"
EndProject
Project("{2150E333-8FDC-42A3-9474-1A3956D46DE8}") = "Catalog", "Catalog", "{296C014F-866C-402F-9889-25940E2801F9}"
EndProject
Project("{FAE04EC0-301F-11D3-BF4B-00C04F79EFBC}") = "Api", "src\Api\Api.csproj", "{9CFBD539-665C-4D7F-A4CA-B5D4E875D4C7}"
EndProject
Project("{FAE04EC0-301F-11D3-BF4B-00C04F79EFBC}") = "Catalog.Application", "src\Modules\Catalog\Catalog.Application\Catalog.Application.csproj", "{F02CC358-972C-4D72-A8F3-7773118178D1}"
EndProject
Project("{FAE04EC0-301F-11D3-BF4B-00C04F79EFBC}") = "Catalog.Domain", "src\Modules\Catalog\Catalog.Domain\Catalog.Domain.csproj", "{6297955F-0627-496F-9C95-02247C084095}"
EndProject
Project("{FAE04EC0-301F-11D3-BF4B-00C04F79EFBC}") = "Catalog.Infrastructure", "src\Modules\Catalog\Catalog.Infrastructure\Catalog.Infrastructure.csproj", "{073460E4-DBFB-4D2B-AD4E-615EE975D41A}"
EndProject
Project("{2150E333-8FDC-42A3-9474-1A3956D46DE8}") = "tests", "tests", "{7FE06D50-9E0A-4E86-8C7F-BEE90C99CB8F}"
EndProject
Project("{FAE04EC0-301F-11D3-BF4B-00C04F79EFBC}") = "Arzand.Tests", "tests\Arzand.Tests\Arzand.Tests.csproj", "{A273DCE0-B4ED-475B-A0EE-12C3DAC90CB3}"
EndProject
Project("{FAE04EC0-301F-11D3-BF4B-00C04F79EFBC}") = "Identity", "src\Modules\Identity\Identity.csproj", "{A5F8009B-03C5-4BC8-8351-593D54FFC390}"
EndProject
Global
	GlobalSection(SolutionConfigurationPlatforms) = preSolution
		Debug|Any CPU = Debug|Any CPU
		Release|Any CPU = Release|Any CPU
	EndGlobalSection
	GlobalSection(SolutionProperties) = preSolution
		HideSolutionNode = FALSE
	EndGlobalSection
	GlobalSection(ProjectConfigurationPlatforms) = postSolution
		{24B0CD7B-02A5-4E9E-B00F-30757B8887BB}.Debug|Any CPU.ActiveCfg = Debug|Any CPU
		{24B0CD7B-02A5-4E9E-B00F-30757B8887BB}.Debug|Any CPU.Build.0 = Debug|Any CPU
		{24B0CD7B-02A5-4E9E-B00F-30757B8887BB}.Release|Any CPU.ActiveCfg = Release|Any CPU
		{24B0CD7B-02A5-4E9E-B00F-30757B8887BB}.Release|Any CPU.Build.0 = Release|Any CPU
		{9CFBD539-665C-4D7F-A4CA-B5D4E875D4C7}.Debug|Any CPU.ActiveCfg = Debug|Any CPU
		{9CFBD539-665C-4D7F-A4CA-B5D4E875D4C7}.Debug|Any CPU.Build.0 = Debug|Any CPU
		{9CFBD539-665C-4D7F-A4CA-B5D4E875D4C7}.Release|Any CPU.ActiveCfg = Release|Any CPU
		{9CFBD539-665C-4D7F-A4CA-B5D4E875D4C7}.Release|Any CPU.Build.0 = Release|Any CPU
		{F02CC358-972C-4D72-A8F3-7773118178D1}.Debug|Any CPU.ActiveCfg = Debug|Any CPU
		{F02CC358-972C-4D72-A8F3-7773118178D1}.Debug|Any CPU.Build.0 = Debug|Any CPU
		{F02CC358-972C-4D72-A8F3-7773118178D1}.Release|Any CPU.ActiveCfg = Release|Any CPU
		{F02CC358-972C-4D72-A8F3-7773118178D1}.Release|Any CPU.Build.0 = Release|Any CPU
		{6297955F-0627-496F-9C95-02247C084095}.Debug|Any CPU.ActiveCfg = Debug|Any CPU
		{6297955F-0627-496F-9C95-02247C084095}.Debug|Any CPU.Build.0 = Debug|Any CPU
		{6297955F-0627-496F-9C95-02247C084095}.Release|Any CPU.ActiveCfg = Release|Any CPU
		{6297955F-0627-496F-9C95-02247C084095}.Release|Any CPU.Build.0 = Release|Any CPU
		{073460E4-DBFB-4D2B-AD4E-615EE975D41A}.Debug|Any CPU.ActiveCfg = Debug|Any CPU
		{073460E4-DBFB-4D2B-AD4E-615EE975D41A}.Debug|Any CPU.Build.0 = Debug|Any CPU
		{073460E4-DBFB-4D2B-AD4E-615EE975D41A}.Release|Any CPU.ActiveCfg = Release|Any CPU
		{073460E4-DBFB-4D2B-AD4E-615EE975D41A}.Release|Any CPU.Build.0 = Release|Any CPU
		{A273DCE0-B4ED-475B-A0EE-12C3DAC90CB3}.Debug|Any CPU.ActiveCfg = Debug|Any CPU
		{A273DCE0-B4ED-475B-A0EE-12C3DAC90CB3}.Debug|Any CPU.Build.0 = Debug|Any CPU
		{A273DCE0-B4ED-475B-A0EE-12C3DAC90CB3}.Release|Any CPU.ActiveCfg = Release|Any CPU
		{A273DCE0-B4ED-475B-A0EE-12C3DAC90CB3}.Release|Any CPU.Build.0 = Release|Any CPU
		{A5F8009B-03C5-4BC8-8351-593D54FFC390}.Debug|Any CPU.ActiveCfg = Debug|Any CPU
		{A5F8009B-03C5-4BC8-8351-593D54FFC390}.Debug|Any CPU.Build.0 = Debug|Any CPU
		{A5F8009B-03C5-4BC8-8351-593D54FFC390}.Release|Any CPU.ActiveCfg = Release|Any CPU
		{A5F8009B-03C5-4BC8-8351-593D54FFC390}.Release|Any CPU.Build.0 = Release|Any CPU
	EndGlobalSection
	GlobalSection(NestedProjects) = preSolution
		{24B0CD7B-02A5-4E9E-B00F-30757B8887BB} = {DB40AEEE-3626-44C9-B7E9-2CCEC9C60210}
		{C303A26D-5B90-4D19-AB15-D4FA540452D2} = {DB40AEEE-3626-44C9-B7E9-2CCEC9C60210}
		{296C014F-866C-402F-9889-25940E2801F9} = {C303A26D-5B90-4D19-AB15-D4FA540452D2}
		{9CFBD539-665C-4D7F-A4CA-B5D4E875D4C7} = {DB40AEEE-3626-44C9-B7E9-2CCEC9C60210}
		{F02CC358-972C-4D72-A8F3-7773118178D1} = {296C014F-866C-402F-9889-25940E2801F9}
		{6297955F-0627-496F-9C95-02247C084095} = {296C014F-866C-402F-9889-25940E2801F9}
		{073460E4-DBFB-4D2B-AD4E-615EE975D41A} = {296C014F-866C-402F-9889-25940E2801F9}
		{A273DCE0-B4ED-475B-A0EE-12C3DAC90CB3} = {7FE06D50-9E0A-4E86-8C7F-BEE90C99CB8F}
		{A5F8009B-03C5-4BC8-8351-593D54FFC390} = {C303A26D-5B90-4D19-AB15-D4FA540452D2}
	EndGlobalSection
EndGlobal
